
Microsoft Visual Studio Solution File, Format Version 12.00
# Visual Studio 2013
VisualStudioVersion = 12.0.40629.0
MinimumVisualStudioVersion = 10.0.40219.1
Project("{FAE04EC0-301F-11D3-BF4B-00C04F79EFBC}") = "InstagramApp", "InstagramApp\InstagramApp.csproj", "{81D70CF3-8374-4404-B473-EB5CFE0F163A}"
EndProject
Project("{FAE04EC0-301F-11D3-BF4B-00C04F79EFBC}") = "Engines", "Engines\Engines.csproj", "{CF94E912-8AE4-4A0E-8567-E732E5E2210D}"
EndProject
Project("{FAE04EC0-301F-11D3-BF4B-00C04F79EFBC}") = "DataBase", "DataBase\DataBase.csproj", "{70CFDD79-ABDB-4BC6-AEB8-7D49BD639858}"
EndProject
Project("{FAE04EC0-301F-11D3-BF4B-00C04F79EFBC}") = "Constants", "Constants\Constants.csproj", "{2EAC08C2-2A80-47B0-872C-91578FB53C7C}"
EndProject
Project("{FAE04EC0-301F-11D3-BF4B-00C04F79EFBC}") = "LanguageDetector", "LanguageDetector\LanguageDetector.csproj", "{5E08DF87-C7DB-4184-8102-7E730A43C91B}"
EndProject
Project("{FAE04EC0-301F-11D3-BF4B-00C04F79EFBC}") = "CommandPanel", "CommandPanel\CommandPanel.csproj", "{3F96DE4D-26F5-4104-A54F-E13A17F4E664}"
EndProject
Project("{FAE04EC0-301F-11D3-BF4B-00C04F79EFBC}") = "LikeApplication", "LikeApplication\LikeApplication.csproj", "{ECAC3ADA-0908-4D80-BA1B-98E94299D4EB}"
EndProject
Project("{FAE04EC0-301F-11D3-BF4B-00C04F79EFBC}") = "LikeApplicationCreateAccounts", "LikeApplicationCreateAccounts\LikeApplicationCreateAccounts.csproj", "{3DA11AE7-A74C-48E9-A1A7-64CC1D670700}"
EndProject
Project("{FAE04EC0-301F-11D3-BF4B-00C04F79EFBC}") = "NewUserMigrationsGenerator", "NewUserMigrationsGenerator\NewUserMigrationsGenerator.csproj", "{23864766-C5B0-46D1-9C15-90A934C987B7}"
EndProject
Project("{FAE04EC0-301F-11D3-BF4B-00C04F79EFBC}") = "DataBaseCopyPaster", "DataBaseCopyPaster\DataBaseCopyPaster.csproj", "{5A38E265-DD77-47C2-AE99-853E7F73223A}"
EndProject
Project("{FAE04EC0-301F-11D3-BF4B-00C04F79EFBC}") = "Tools", "Tools\Tools.csproj", "{1C2BF2EB-0FCC-4746-A85F-0FB27D67A8E5}"
EndProject
Project("{FAE04EC0-301F-11D3-BF4B-00C04F79EFBC}") = "UselessUsersAnalizing", "UselessUsersAnalizing\UselessUsersAnalizing.csproj", "{D52F2BBB-F156-4143-B73F-5310028B43FE}"
EndProject
Project("{FAE04EC0-301F-11D3-BF4B-00C04F79EFBC}") = "NewUsersFiller", "NewUsersFiller\NewUsersFiller.csproj", "{912986AA-91B8-4D99-BF38-6943D9D93A3F}"
EndProject
Project("{FAE04EC0-301F-11D3-BF4B-00C04F79EFBC}") = "NewStarsFiller", "NewStarsFiller\NewStarsFiller.csproj", "{F391B6A5-323B-4C0B-97AC-D1133C7C3EB2}"
EndProject
Project("{FAE04EC0-301F-11D3-BF4B-00C04F79EFBC}") = "StarFollowingApp", "StarFollowingApp\StarFollowingApp.csproj", "{EFDFCB86-7D29-4F73-923D-AFBFF8DD35D8}"
EndProject
Project("{FAE04EC0-301F-11D3-BF4B-00C04F79EFBC}") = "TableCopyPaster", "TableCopyPaster\TableCopyPaster.csproj", "{44484D4B-5DF0-405B-96A0-DDE111B0079D}"
EndProject
Project("{FAE04EC0-301F-11D3-BF4B-00C04F79EFBC}") = "LikeBotMigrator", "LikeBotMigrator\LikeBotMigrator.csproj", "{4C8ED1F0-2881-44D7-AA28-A38A5F3EE6C6}"
EndProject
Project("{FAE04EC0-301F-11D3-BF4B-00C04F79EFBC}") = "LikeBotCookieCreator", "LikeBotCookieCreator\LikeBotCookieCreator.csproj", "{4B262A45-F413-4E3C-B96F-76F893D0F8D7}"
EndProject
Project("{FAE04EC0-301F-11D3-BF4B-00C04F79EFBC}") = "StoreContextCreator", "StoreContextCreator\StoreContextCreator.csproj", "{9A7AC530-D0B6-4300-86FE-3FD3105A8FA3}"
EndProject
Global
	GlobalSection(SolutionConfigurationPlatforms) = preSolution
		Debug|Any CPU = Debug|Any CPU
		Release|Any CPU = Release|Any CPU
	EndGlobalSection
	GlobalSection(ProjectConfigurationPlatforms) = postSolution
		{81D70CF3-8374-4404-B473-EB5CFE0F163A}.Debug|Any CPU.ActiveCfg = Debug|Any CPU
		{81D70CF3-8374-4404-B473-EB5CFE0F163A}.Debug|Any CPU.Build.0 = Debug|Any CPU
		{81D70CF3-8374-4404-B473-EB5CFE0F163A}.Release|Any CPU.ActiveCfg = Release|Any CPU
		{81D70CF3-8374-4404-B473-EB5CFE0F163A}.Release|Any CPU.Build.0 = Release|Any CPU
		{CF94E912-8AE4-4A0E-8567-E732E5E2210D}.Debug|Any CPU.ActiveCfg = Debug|Any CPU
		{CF94E912-8AE4-4A0E-8567-E732E5E2210D}.Debug|Any CPU.Build.0 = Debug|Any CPU
		{CF94E912-8AE4-4A0E-8567-E732E5E2210D}.Release|Any CPU.ActiveCfg = Release|Any CPU
		{CF94E912-8AE4-4A0E-8567-E732E5E2210D}.Release|Any CPU.Build.0 = Release|Any CPU
		{70CFDD79-ABDB-4BC6-AEB8-7D49BD639858}.Debug|Any CPU.ActiveCfg = Debug|Any CPU
		{70CFDD79-ABDB-4BC6-AEB8-7D49BD639858}.Debug|Any CPU.Build.0 = Debug|Any CPU
		{70CFDD79-ABDB-4BC6-AEB8-7D49BD639858}.Release|Any CPU.ActiveCfg = Release|Any CPU
		{70CFDD79-ABDB-4BC6-AEB8-7D49BD639858}.Release|Any CPU.Build.0 = Release|Any CPU
		{2EAC08C2-2A80-47B0-872C-91578FB53C7C}.Debug|Any CPU.ActiveCfg = Debug|Any CPU
		{2EAC08C2-2A80-47B0-872C-91578FB53C7C}.Debug|Any CPU.Build.0 = Debug|Any CPU
		{2EAC08C2-2A80-47B0-872C-91578FB53C7C}.Release|Any CPU.ActiveCfg = Release|Any CPU
		{2EAC08C2-2A80-47B0-872C-91578FB53C7C}.Release|Any CPU.Build.0 = Release|Any CPU
		{5E08DF87-C7DB-4184-8102-7E730A43C91B}.Debug|Any CPU.ActiveCfg = Debug|Any CPU
		{5E08DF87-C7DB-4184-8102-7E730A43C91B}.Debug|Any CPU.Build.0 = Debug|Any CPU
		{5E08DF87-C7DB-4184-8102-7E730A43C91B}.Release|Any CPU.ActiveCfg = Release|Any CPU
		{5E08DF87-C7DB-4184-8102-7E730A43C91B}.Release|Any CPU.Build.0 = Release|Any CPU
		{3F96DE4D-26F5-4104-A54F-E13A17F4E664}.Debug|Any CPU.ActiveCfg = Debug|Any CPU
		{3F96DE4D-26F5-4104-A54F-E13A17F4E664}.Debug|Any CPU.Build.0 = Debug|Any CPU
		{3F96DE4D-26F5-4104-A54F-E13A17F4E664}.Release|Any CPU.ActiveCfg = Release|Any CPU
		{3F96DE4D-26F5-4104-A54F-E13A17F4E664}.Release|Any CPU.Build.0 = Release|Any CPU
		{ECAC3ADA-0908-4D80-BA1B-98E94299D4EB}.Debug|Any CPU.ActiveCfg = Debug|Any CPU
		{ECAC3ADA-0908-4D80-BA1B-98E94299D4EB}.Debug|Any CPU.Build.0 = Debug|Any CPU
		{ECAC3ADA-0908-4D80-BA1B-98E94299D4EB}.Release|Any CPU.ActiveCfg = Release|Any CPU
		{ECAC3ADA-0908-4D80-BA1B-98E94299D4EB}.Release|Any CPU.Build.0 = Release|Any CPU
		{3DA11AE7-A74C-48E9-A1A7-64CC1D670700}.Debug|Any CPU.ActiveCfg = Debug|Any CPU
		{3DA11AE7-A74C-48E9-A1A7-64CC1D670700}.Debug|Any CPU.Build.0 = Debug|Any CPU
		{3DA11AE7-A74C-48E9-A1A7-64CC1D670700}.Release|Any CPU.ActiveCfg = Release|Any CPU
		{3DA11AE7-A74C-48E9-A1A7-64CC1D670700}.Release|Any CPU.Build.0 = Release|Any CPU
		{23864766-C5B0-46D1-9C15-90A934C987B7}.Debug|Any CPU.ActiveCfg = Debug|Any CPU
		{23864766-C5B0-46D1-9C15-90A934C987B7}.Debug|Any CPU.Build.0 = Debug|Any CPU
		{23864766-C5B0-46D1-9C15-90A934C987B7}.Release|Any CPU.ActiveCfg = Release|Any CPU
		{23864766-C5B0-46D1-9C15-90A934C987B7}.Release|Any CPU.Build.0 = Release|Any CPU
		{5A38E265-DD77-47C2-AE99-853E7F73223A}.Debug|Any CPU.ActiveCfg = Debug|Any CPU
		{5A38E265-DD77-47C2-AE99-853E7F73223A}.Debug|Any CPU.Build.0 = Debug|Any CPU
		{5A38E265-DD77-47C2-AE99-853E7F73223A}.Release|Any CPU.ActiveCfg = Release|Any CPU
		{5A38E265-DD77-47C2-AE99-853E7F73223A}.Release|Any CPU.Build.0 = Release|Any CPU
		{1C2BF2EB-0FCC-4746-A85F-0FB27D67A8E5}.Debug|Any CPU.ActiveCfg = Debug|Any CPU
		{1C2BF2EB-0FCC-4746-A85F-0FB27D67A8E5}.Debug|Any CPU.Build.0 = Debug|Any CPU
		{1C2BF2EB-0FCC-4746-A85F-0FB27D67A8E5}.Release|Any CPU.ActiveCfg = Release|Any CPU
		{1C2BF2EB-0FCC-4746-A85F-0FB27D67A8E5}.Release|Any CPU.Build.0 = Release|Any CPU
		{D52F2BBB-F156-4143-B73F-5310028B43FE}.Debug|Any CPU.ActiveCfg = Debug|Any CPU
		{D52F2BBB-F156-4143-B73F-5310028B43FE}.Debug|Any CPU.Build.0 = Debug|Any CPU
		{D52F2BBB-F156-4143-B73F-5310028B43FE}.Release|Any CPU.ActiveCfg = Release|Any CPU
		{D52F2BBB-F156-4143-B73F-5310028B43FE}.Release|Any CPU.Build.0 = Release|Any CPU
		{912986AA-91B8-4D99-BF38-6943D9D93A3F}.Debug|Any CPU.ActiveCfg = Debug|Any CPU
		{912986AA-91B8-4D99-BF38-6943D9D93A3F}.Debug|Any CPU.Build.0 = Debug|Any CPU
		{912986AA-91B8-4D99-BF38-6943D9D93A3F}.Release|Any CPU.ActiveCfg = Release|Any CPU
		{912986AA-91B8-4D99-BF38-6943D9D93A3F}.Release|Any CPU.Build.0 = Release|Any CPU
		{F391B6A5-323B-4C0B-97AC-D1133C7C3EB2}.Debug|Any CPU.ActiveCfg = Debug|Any CPU
		{F391B6A5-323B-4C0B-97AC-D1133C7C3EB2}.Debug|Any CPU.Build.0 = Debug|Any CPU
		{F391B6A5-323B-4C0B-97AC-D1133C7C3EB2}.Release|Any CPU.ActiveCfg = Release|Any CPU
		{F391B6A5-323B-4C0B-97AC-D1133C7C3EB2}.Release|Any CPU.Build.0 = Release|Any CPU
		{EFDFCB86-7D29-4F73-923D-AFBFF8DD35D8}.Debug|Any CPU.ActiveCfg = Debug|Any CPU
		{EFDFCB86-7D29-4F73-923D-AFBFF8DD35D8}.Debug|Any CPU.Build.0 = Debug|Any CPU
		{EFDFCB86-7D29-4F73-923D-AFBFF8DD35D8}.Release|Any CPU.ActiveCfg = Release|Any CPU
		{EFDFCB86-7D29-4F73-923D-AFBFF8DD35D8}.Release|Any CPU.Build.0 = Release|Any CPU
		{44484D4B-5DF0-405B-96A0-DDE111B0079D}.Debug|Any CPU.ActiveCfg = Debug|Any CPU
		{44484D4B-5DF0-405B-96A0-DDE111B0079D}.Debug|Any CPU.Build.0 = Debug|Any CPU
		{44484D4B-5DF0-405B-96A0-DDE111B0079D}.Release|Any CPU.ActiveCfg = Release|Any CPU
		{44484D4B-5DF0-405B-96A0-DDE111B0079D}.Release|Any CPU.Build.0 = Release|Any CPU
		{4C8ED1F0-2881-44D7-AA28-A38A5F3EE6C6}.Debug|Any CPU.ActiveCfg = Debug|Any CPU
		{4C8ED1F0-2881-44D7-AA28-A38A5F3EE6C6}.Debug|Any CPU.Build.0 = Debug|Any CPU
		{4C8ED1F0-2881-44D7-AA28-A38A5F3EE6C6}.Release|Any CPU.ActiveCfg = Release|Any CPU
		{4C8ED1F0-2881-44D7-AA28-A38A5F3EE6C6}.Release|Any CPU.Build.0 = Release|Any CPU
		{4B262A45-F413-4E3C-B96F-76F893D0F8D7}.Debug|Any CPU.ActiveCfg = Debug|Any CPU
		{4B262A45-F413-4E3C-B96F-76F893D0F8D7}.Debug|Any CPU.Build.0 = Debug|Any CPU
		{4B262A45-F413-4E3C-B96F-76F893D0F8D7}.Release|Any CPU.ActiveCfg = Release|Any CPU
		{4B262A45-F413-4E3C-B96F-76F893D0F8D7}.Release|Any CPU.Build.0 = Release|Any CPU
		{9A7AC530-D0B6-4300-86FE-3FD3105A8FA3}.Debug|Any CPU.ActiveCfg = Debug|Any CPU
		{9A7AC530-D0B6-4300-86FE-3FD3105A8FA3}.Debug|Any CPU.Build.0 = Debug|Any CPU
		{9A7AC530-D0B6-4300-86FE-3FD3105A8FA3}.Release|Any CPU.ActiveCfg = Release|Any CPU
		{9A7AC530-D0B6-4300-86FE-3FD3105A8FA3}.Release|Any CPU.Build.0 = Release|Any CPU
	EndGlobalSection
	GlobalSection(SolutionProperties) = preSolution
		HideSolutionNode = FALSE
	EndGlobalSection
EndGlobal
